{
  "version": 4,
  "terraform_version": "1.4.2",
  "serial": 1,
  "lineage": "fccdbe7b-3880-02a1-538c-83db384d7138",
  "outputs": {
    "aws_autoscaling_group_tfer--eks-002D-test-002D-eks-002D-nodegroup-002D-24c4526b-002D-e000-002D-7b7d-002D-4598-002D-eca39a0e23d4_id": {
      "value": "eks-test-eks-nodegroup-24c4526b-e000-7b7d-4598-eca39a0e23d4",
      "type": "string"
    },
    "aws_launch_configuration_tfer--terraform-002D-20230527052514905400000001_id": {
      "value": "terraform-20230527052514905400000001",
      "type": "string"
    }
  },
  "resources": [
    {
      "mode": "managed",
      "type": "aws_autoscaling_group",
      "name": "tfer--eks-002D-test-002D-eks-002D-nodegroup-002D-24c4526b-002D-e000-002D-7b7d-002D-4598-002D-eca39a0e23d4",
      "provider": "provider[\"registry.terraform.io/-/aws\"]",
      "instances": [
        {
          "schema_version": 0,
          "attributes_flat": {
            "arn": "arn:aws:autoscaling:us-east-1:222170749288:autoScalingGroup:b60f480d-9730-49a0-afeb-f660d31f39fb:autoScalingGroupName/eks-test-eks-nodegroup-24c4526b-e000-7b7d-4598-eca39a0e23d4",
            "availability_zones.#": "2",
            "availability_zones.0": "us-east-1a",
            "availability_zones.1": "us-east-1c",
            "capacity_rebalance": "true",
            "context": "",
            "default_cooldown": "300",
            "default_instance_warmup": "0",
            "desired_capacity": "2",
            "desired_capacity_type": "",
            "enabled_metrics.#": "0",
            "force_delete": "false",
            "health_check_grace_period": "15",
            "health_check_type": "EC2",
            "id": "eks-test-eks-nodegroup-24c4526b-e000-7b7d-4598-eca39a0e23d4",
            "launch_configuration": "",
            "launch_template.#": "0",
            "load_balancers.#": "0",
            "max_instance_lifetime": "0",
            "max_size": "3",
            "metrics_granularity": "1Minute",
            "min_size": "1",
            "mixed_instances_policy.#": "1",
            "mixed_instances_policy.0.instances_distribution.#": "1",
            "mixed_instances_policy.0.instances_distribution.0.on_demand_allocation_strategy": "prioritized",
            "mixed_instances_policy.0.instances_distribution.0.on_demand_base_capacity": "0",
            "mixed_instances_policy.0.instances_distribution.0.on_demand_percentage_above_base_capacity": "0",
            "mixed_instances_policy.0.instances_distribution.0.spot_allocation_strategy": "capacity-optimized",
            "mixed_instances_policy.0.instances_distribution.0.spot_instance_pools": "0",
            "mixed_instances_policy.0.instances_distribution.0.spot_max_price": "",
            "mixed_instances_policy.0.launch_template.#": "1",
            "mixed_instances_policy.0.launch_template.0.launch_template_specification.#": "1",
            "mixed_instances_policy.0.launch_template.0.launch_template_specification.0.launch_template_id": "lt-02aa09e14998038dc",
            "mixed_instances_policy.0.launch_template.0.launch_template_specification.0.launch_template_name": "eks-24c4526b-e000-7b7d-4598-eca39a0e23d4",
            "mixed_instances_policy.0.launch_template.0.launch_template_specification.0.version": "1",
            "mixed_instances_policy.0.launch_template.0.override.#": "1",
            "mixed_instances_policy.0.launch_template.0.override.0.instance_requirements.#": "0",
            "mixed_instances_policy.0.launch_template.0.override.0.instance_type": "t3a.medium",
            "mixed_instances_policy.0.launch_template.0.override.0.launch_template_specification.#": "0",
            "mixed_instances_policy.0.launch_template.0.override.0.weighted_capacity": "",
            "name": "eks-test-eks-nodegroup-24c4526b-e000-7b7d-4598-eca39a0e23d4",
            "name_prefix": "",
            "placement_group": "",
            "predicted_capacity": "0",
            "protect_from_scale_in": "false",
            "service_linked_role_arn": "arn:aws:iam::222170749288:role/aws-service-role/autoscaling.amazonaws.com/AWSServiceRoleForAutoScaling",
            "suspended_processes.#": "0",
            "tag.#": "5",
            "tag.0.key": "eks:cluster-name",
            "tag.0.propagate_at_launch": "true",
            "tag.0.value": "test-eks-cluster",
            "tag.1.key": "eks:nodegroup-name",
            "tag.1.propagate_at_launch": "true",
            "tag.1.value": "test-eks-nodegroup",
            "tag.2.key": "k8s.io/cluster-autoscaler/enabled",
            "tag.2.propagate_at_launch": "true",
            "tag.2.value": "true",
            "tag.3.key": "k8s.io/cluster-autoscaler/test-eks-cluster",
            "tag.3.propagate_at_launch": "true",
            "tag.3.value": "owned",
            "tag.4.key": "kubernetes.io/cluster/test-eks-cluster",
            "tag.4.propagate_at_launch": "true",
            "tag.4.value": "owned",
            "target_group_arns.#": "0",
            "termination_policies.#": "3",
            "termination_policies.0": "AllocationStrategy",
            "termination_policies.1": "OldestLaunchTemplate",
            "termination_policies.2": "OldestInstance",
            "traffic_source.#": "0",
            "vpc_zone_identifier.#": "2",
            "vpc_zone_identifier.0": "subnet-0b5dde0d0a29e34b3",
            "vpc_zone_identifier.1": "subnet-0ec3438c59d9e5ffb",
            "wait_for_capacity_timeout": "10m",
            "warm_pool.#": "0",
            "warm_pool_size": "0"
          },
          "sensitive_attributes": []
        }
      ]
    },
    {
      "mode": "managed",
      "type": "aws_launch_configuration",
      "name": "tfer--terraform-002D-20230527052514905400000001",
      "provider": "provider[\"registry.terraform.io/-/aws\"]",
      "instances": [
        {
          "schema_version": 0,
          "attributes_flat": {
            "arn": "arn:aws:autoscaling:us-east-1:222170749288:launchConfiguration:c5f2a930-8cec-49e8-9ae5-fc91d465f6dc:launchConfigurationName/terraform-20230527052514905400000001",
            "associate_public_ip_address": "true",
            "ebs_block_device.#": "0",
            "ebs_optimized": "false",
            "enable_monitoring": "true",
            "ephemeral_block_device.#": "0",
            "iam_instance_profile": "",
            "id": "terraform-20230527052514905400000001",
            "image_id": "ami-007855ac798b5175e",
            "instance_type": "t3.medium",
            "key_name": "DevOps_Study",
            "metadata_options.#": "0",
            "name": "terraform-20230527052514905400000001",
            "name_prefix": "terraform-",
            "placement_tenancy": "",
            "root_block_device.#": "0",
            "security_groups.#": "1",
            "security_groups.0": "sg-0a9eabbe6a6d9088a",
            "spot_price": "0.0185",
            "user_data_base64": "IyEvYmluL2Jhc2ggLXhlDQoNCiMgL3Zhci9sb2cvdXNlci1kYXRhLmxvZyDsl5Ag66Gc6re4IOuCqOq4sOq4sCDrp6jsnITsl5AgLXhlIOq8rSDrtpnslrTsnojslrTslbwg7ZWoLg0KZXhlYyA+ID4odGVlIC92YXIvbG9nL3VzZXItZGF0YS5sb2d8bG9nZ2VyIC10IHVzZXItZGF0YSAtcyAyPi9kZXYvY29uc29sZSkgMj4mMQ0KDQplY2hvIEJFR0lODQojIGRpc2FibGUgc3dhcA0Kc3dhcG9mZiAtYQ0KDQoja3ViZXJuZXRlcyB2ZXJzaW9u7J20656RIG5vZGUg7LK07YGsIOyggeydhOqygw0KDQojIGluc3RhbGwgZG9ja2VyDQojIHRlcnJhZm9ybeycvOuhnCDrqofrsogg7J6Q64+Z7IOd7ISxIO2VmOuLiOq5jCBkb2NrZXIg7ISk7LmY66W8IOyLpO2MqO2VmOuKlCDsvIDsnbTsiqTqsIDsnojri6Qo7ISc67KE7JeQ7IScIOyEpOy5mO2MjOydvOydtCDslYjrsJvslYTsp5ApDQojYXB0IHVwZGF0ZQ0KYXB0IGluc3RhbGwgLXkgYXB0LXRyYW5zcG9ydC1odHRwcyBjYS1jZXJ0aWZpY2F0ZXMgY3VybCBnbnVwZy1hZ2VudCBzb2Z0d2FyZS1wcm9wZXJ0aWVzLWNvbW1vbg0KDQpjdXJsIC1mc1NMIGh0dHBzOi8vZG93bmxvYWQuZG9ja2VyLmNvbS9saW51eC91YnVudHUvZ3BnIHwgYXB0LWtleSBhZGQgLQ0KDQphZGQtYXB0LXJlcG9zaXRvcnkgLS15ZXMgImRlYiBbYXJjaD1hbWQ2NF0gaHR0cHM6Ly9kb3dubG9hZC5kb2NrZXIuY29tL2xpbnV4L3VidW50dSAkKGxzYl9yZWxlYXNlIC1jcykgc3RhYmxlIg0KDQphcHQgdXBkYXRlDQoNCmFwdCBpbnN0YWxsIC15IGRvY2tlci1jZSBkb2NrZXItY2UtY2xpIGNvbnRhaW5lcmQuaW8NCg0Kc3lzdGVtY3RsIHN0YXJ0IGRvY2tlcg0KDQphcHQtZ2V0IHVwZGF0ZQ0KDQoNCg0KDQojaW5zdGFsbCBrdWJlcm5ldGVzDQphcHQtZ2V0IGluc3RhbGwgLXkgYXB0LXRyYW5zcG9ydC1odHRwcyANCmFwdC1nZXQgaW5zdGFsbCAteSBjYS1jZXJ0aWZpY2F0ZXMgDQphcHQtZ2V0IGluc3RhbGwgLXkgY3VybA0KDQoNCiNjdXJsIC1zIGh0dHBzOi8vcGFja2FnZXMuY2xvdWQuZ29vZ2xlLmNvbS9hcHQvZG9jL2FwdC1rZXkuZ3BnIHwgc3VkbyBhcHQta2V5IGFkZCAtDQoNCiNvbGQga2V5IDogZGVwcmVjYXRlZCB3YXJuaW5n7J20IOuCmOyYpOuKlOuNsCDrkJjquLQg7ZWoLiDrgpjspJHsl5Qg7JaY64Sk6rCAIOyViOygleuQmOuptCDsg4gg7KO87IaM66GcIOuwlOq/lOyVvOuQoOqxsOyehA0KY3VybCAtcyBodHRwczovL3BhY2thZ2VzLmNsb3VkLmdvb2dsZS5jb20vYXB0L2RvYy9hcHQta2V5LmdwZyB8IHN1ZG8gYXB0LWtleSBhZGQgLQ0KDQpjYXQgPDxFT0YgfCBzdWRvIHRlZSAvZXRjL2FwdC9zb3VyY2VzLmxpc3QuZC9rdWJlcm5ldGVzLmxpc3QNCmRlYiBodHRwczovL2FwdC5rdWJlcm5ldGVzLmlvLyBrdWJlcm5ldGVzLXhlbmlhbCBtYWluDQpFT0YNCg0KI2N1cmwgLWZzU0xvIC91c3Ivc2hhcmUva2V5cmluZ3Mva3ViZXJuZXRlcy1hcmNoaXZlLWtleXJpbmcuZ3BnIGh0dHBzOi8vcGFja2FnZXMuY2xvdWQuZ29vZ2xlLmNvbS9hcHQvZG9jL2FwdC1rZXkuZ3BnDQpjdXJsIC1mc1NMbyAvdXNyL3NoYXJlL2tleXJpbmdzL2t1YmVybmV0ZXMtYXJjaGl2ZS1rZXlyaW5nLmdwZyBodHRwczovL2RsLms4cy5pby9hcHQvZG9jL2FwdC1rZXkuZ3BnDQoNCmVjaG8gImRlYiBbc2lnbmVkLWJ5PS91c3Ivc2hhcmUva2V5cmluZ3Mva3ViZXJuZXRlcy1hcmNoaXZlLWtleXJpbmcuZ3BnXSBodHRwczovL2FwdC5rdWJlcm5ldGVzLmlvLyBrdWJlcm5ldGVzLXhlbmlhbCBtYWluIiB8IHN1ZG8gdGVlIC9ldGMvYXB0L3NvdXJjZXMubGlzdC5kL2t1YmVybmV0ZXMubGlzdA0KI2NobW9kIDA2NDQgL2V0Yy9hcHQva2V5cmluZ3Mva3ViZXJuZXRlcy1hcmNoaXZlLWtleXJpbmcuZ3BnDQpjaG1vZCAwNjQ0IC91c3Ivc2hhcmUva2V5cmluZ3Mva3ViZXJuZXRlcy1hcmNoaXZlLWtleXJpbmcuZ3BnDQoNCg0KDQphcHQtZ2V0IHVwZGF0ZQ0KYXB0LWdldCBpbnN0YWxsIC15IGt1YmVsZXQ9MS4yMS43LTAwIGt1YmVhZG09MS4yMS43LTAwIGt1YmVjdGw9MS4yMS43LTAwDQojYXB0LWdldCBpbnN0YWxsIC15IGt1YmVsZXQga3ViZWFkbSBrdWJlY3RsDQphcHQtbWFyayBob2xkIGt1YmVsZXQga3ViZWFkbSBrdWJlY3RsDQoNCmt1YmVhZG0gdmVyc2lvbg0KDQprdWJlbGV0IC0tdmVyc2lvbg0KDQprdWJlY3RsIHZlcnNpb24gLS1jbGllbnQNCg0KDQoNCg0KI25ldHdvcmsgc2V0dGluZw0Kc3VkbyBtb2Rwcm9iZSBicl9uZXRmaWx0ZXINCg0KY2F0IDw8RU9GIHwgc3VkbyB0ZWUgL2V0Yy9tb2R1bGVzLWxvYWQuZC9rOHMuY29uZg0KYnJfbmV0ZmlsdGVyDQpFT0YNCg0KY2F0IDw8RU9GIHwgc3VkbyB0ZWUgL2V0Yy9zeXNjdGwuZC9rOHMuY29uZg0KbmV0LmJyaWRnZS5icmlkZ2UtbmYtY2FsbC1pcDZ0YWJsZXMgPSAxDQpuZXQuYnJpZGdlLmJyaWRnZS1uZi1jYWxsLWlwdGFibGVzID0gMQ0KRU9GDQpzdWRvIHN5c2N0bCAtLXN5c3RlbQ0KDQoNCg0KZWNobyAia3ViZXJuZXRlc19yZWFkeSINCg=="
          },
          "sensitive_attributes": []
        }
      ]
    }
  ],
  "check_results": null
}
